// !$*UTF8*$!
{
	archiveVersion = 1;
	classes = {
	};
	objectVersion = 46;
	objects = {

/* Begin PBXBuildFile section */
		CE006FCA1CC3008700A18D63 /* PhoneController.swift in Sources */ = {isa = PBXBuildFile; fileRef = CE006FC91CC3008700A18D63 /* PhoneController.swift */; };
		CE0478771C6C10FD008E23E1 /* AppDelegate.swift in Sources */ = {isa = PBXBuildFile; fileRef = CE0478761C6C10FD008E23E1 /* AppDelegate.swift */; };
		CE04787C1C6C10FD008E23E1 /* Main.storyboard in Resources */ = {isa = PBXBuildFile; fileRef = CE04787A1C6C10FD008E23E1 /* Main.storyboard */; };
		CE04787F1C6C10FD008E23E1 /* horrible_house.xcdatamodeld in Sources */ = {isa = PBXBuildFile; fileRef = CE04787D1C6C10FD008E23E1 /* horrible_house.xcdatamodeld */; };
		CE0478841C6C10FD008E23E1 /* LaunchScreen.storyboard in Resources */ = {isa = PBXBuildFile; fileRef = CE0478821C6C10FD008E23E1 /* LaunchScreen.storyboard */; };
		CE04788F1C6C10FD008E23E1 /* horrible_houseTests.swift in Sources */ = {isa = PBXBuildFile; fileRef = CE04788E1C6C10FD008E23E1 /* horrible_houseTests.swift */; };
		CE04789A1C6C10FD008E23E1 /* horrible_houseUITests.swift in Sources */ = {isa = PBXBuildFile; fileRef = CE0478991C6C10FD008E23E1 /* horrible_houseUITests.swift */; };
		CE0478A91C6C145A008E23E1 /* Rooms.plist in Resources */ = {isa = PBXBuildFile; fileRef = CE0478A81C6C145A008E23E1 /* Rooms.plist */; };
		CE0478AB1C6C3452008E23E1 /* Room.swift in Sources */ = {isa = PBXBuildFile; fileRef = CE0478AA1C6C3452008E23E1 /* Room.swift */; };
		CE0478AD1C6C3B4F008E23E1 /* House.swift in Sources */ = {isa = PBXBuildFile; fileRef = CE0478AC1C6C3B4F008E23E1 /* House.swift */; };
		CE2AD7A81CCA87CA00B1353C /* key#.mp3 in Resources */ = {isa = PBXBuildFile; fileRef = CE2AD79C1CCA87CA00B1353C /* key#.mp3 */; };
		CE2AD7A91CCA87CA00B1353C /* key0.mp3 in Resources */ = {isa = PBXBuildFile; fileRef = CE2AD79D1CCA87CA00B1353C /* key0.mp3 */; };
		CE2AD7AA1CCA87CA00B1353C /* key1.mp3 in Resources */ = {isa = PBXBuildFile; fileRef = CE2AD79E1CCA87CA00B1353C /* key1.mp3 */; };
		CE2AD7AB1CCA87CA00B1353C /* key2.mp3 in Resources */ = {isa = PBXBuildFile; fileRef = CE2AD79F1CCA87CA00B1353C /* key2.mp3 */; };
		CE2AD7AC1CCA87CA00B1353C /* key3.mp3 in Resources */ = {isa = PBXBuildFile; fileRef = CE2AD7A01CCA87CA00B1353C /* key3.mp3 */; };
		CE2AD7AD1CCA87CA00B1353C /* key4.mp3 in Resources */ = {isa = PBXBuildFile; fileRef = CE2AD7A11CCA87CA00B1353C /* key4.mp3 */; };
		CE2AD7AE1CCA87CA00B1353C /* key5.mp3 in Resources */ = {isa = PBXBuildFile; fileRef = CE2AD7A21CCA87CA00B1353C /* key5.mp3 */; };
		CE2AD7AF1CCA87CA00B1353C /* key6.mp3 in Resources */ = {isa = PBXBuildFile; fileRef = CE2AD7A31CCA87CA00B1353C /* key6.mp3 */; };
		CE2AD7B01CCA87CA00B1353C /* key7.mp3 in Resources */ = {isa = PBXBuildFile; fileRef = CE2AD7A41CCA87CA00B1353C /* key7.mp3 */; };
		CE2AD7B11CCA87CA00B1353C /* key8.mp3 in Resources */ = {isa = PBXBuildFile; fileRef = CE2AD7A51CCA87CA00B1353C /* key8.mp3 */; };
		CE2AD7B21CCA87CA00B1353C /* key9.mp3 in Resources */ = {isa = PBXBuildFile; fileRef = CE2AD7A61CCA87CA00B1353C /* key9.mp3 */; };
		CE2AD7B31CCA87CA00B1353C /* keyStar.mp3 in Resources */ = {isa = PBXBuildFile; fileRef = CE2AD7A71CCA87CA00B1353C /* keyStar.mp3 */; };
		CE2AD7B51CCF950B00B1353C /* GameTime.swift in Sources */ = {isa = PBXBuildFile; fileRef = CE2AD7B41CCF950B00B1353C /* GameTime.swift */; };
		CE2AD7B71CCF95B500B1353C /* GameClock.swift in Sources */ = {isa = PBXBuildFile; fileRef = CE2AD7B61CCF95B500B1353C /* GameClock.swift */; };
		CE2F7A971CA224C100A3025D /* DictionaryBased.swift in Sources */ = {isa = PBXBuildFile; fileRef = CE2F7A961CA224C100A3025D /* DictionaryBased.swift */; };
		CE2F7A991CA234AA00A3025D /* RuleBased.swift in Sources */ = {isa = PBXBuildFile; fileRef = CE2F7A981CA234AA00A3025D /* RuleBased.swift */; };
		CE2F7A9B1CA2351500A3025D /* ItemBased.swift in Sources */ = {isa = PBXBuildFile; fileRef = CE2F7A9A1CA2351500A3025D /* ItemBased.swift */; };
		CE2F7AA01CA2FA3200A3025D /* ActionPacked.swift in Sources */ = {isa = PBXBuildFile; fileRef = CE2F7A9F1CA2FA3200A3025D /* ActionPacked.swift */; };
		CE3205731C703AD000EAA581 /* ArrayExtension.swift in Sources */ = {isa = PBXBuildFile; fileRef = CE3205721C703AD000EAA581 /* ArrayExtension.swift */; };
		CE3BEA4E1CB6B1550062AFAF /* TabBarController.swift in Sources */ = {isa = PBXBuildFile; fileRef = CE3BEA4D1CB6B1550062AFAF /* TabBarController.swift */; };
		CE3BEA501CB717710062AFAF /* MapController.swift in Sources */ = {isa = PBXBuildFile; fileRef = CE3BEA4F1CB717710062AFAF /* MapController.swift */; };
		CE3C3CE41CA8CBEF00BA551F /* PianoController.swift in Sources */ = {isa = PBXBuildFile; fileRef = CE3C3CE31CA8CBEF00BA551F /* PianoController.swift */; };
		CE3C3CE61CA9849700BA551F /* AVFoundation.framework in Frameworks */ = {isa = PBXBuildFile; fileRef = CE3C3CE51CA9849700BA551F /* AVFoundation.framework */; };
		CE3C3CE81CA9863900BA551F /* Media.xcassets in Resources */ = {isa = PBXBuildFile; fileRef = CE3C3CE71CA9863900BA551F /* Media.xcassets */; };
		CE3C3CF61CA9871F00BA551F /* white1.mp3 in Resources */ = {isa = PBXBuildFile; fileRef = CE3C3CEA1CA9871F00BA551F /* white1.mp3 */; };
		CE3C3CF71CA9871F00BA551F /* black1.mp3 in Resources */ = {isa = PBXBuildFile; fileRef = CE3C3CEB1CA9871F00BA551F /* black1.mp3 */; };
		CE3C3CF81CA9871F00BA551F /* white2.mp3 in Resources */ = {isa = PBXBuildFile; fileRef = CE3C3CEC1CA9871F00BA551F /* white2.mp3 */; };
		CE3C3CF91CA9871F00BA551F /* black2.mp3 in Resources */ = {isa = PBXBuildFile; fileRef = CE3C3CED1CA9871F00BA551F /* black2.mp3 */; };
		CE3C3CFA1CA9871F00BA551F /* white3.mp3 in Resources */ = {isa = PBXBuildFile; fileRef = CE3C3CEE1CA9871F00BA551F /* white3.mp3 */; };
		CE3C3CFB1CA9871F00BA551F /* white4.mp3 in Resources */ = {isa = PBXBuildFile; fileRef = CE3C3CEF1CA9871F00BA551F /* white4.mp3 */; };
		CE3C3CFC1CA9871F00BA551F /* black3.mp3 in Resources */ = {isa = PBXBuildFile; fileRef = CE3C3CF01CA9871F00BA551F /* black3.mp3 */; };
		CE3C3CFD1CA9871F00BA551F /* white5.mp3 in Resources */ = {isa = PBXBuildFile; fileRef = CE3C3CF11CA9871F00BA551F /* white5.mp3 */; };
		CE3C3CFE1CA9871F00BA551F /* black4.mp3 in Resources */ = {isa = PBXBuildFile; fileRef = CE3C3CF21CA9871F00BA551F /* black4.mp3 */; };
		CE3C3CFF1CA9871F00BA551F /* white6.mp3 in Resources */ = {isa = PBXBuildFile; fileRef = CE3C3CF31CA9871F00BA551F /* white6.mp3 */; };
		CE3C3D001CA9871F00BA551F /* black5.mp3 in Resources */ = {isa = PBXBuildFile; fileRef = CE3C3CF41CA9871F00BA551F /* black5.mp3 */; };
		CE3C3D011CA9871F00BA551F /* white7.mp3 in Resources */ = {isa = PBXBuildFile; fileRef = CE3C3CF51CA9871F00BA551F /* white7.mp3 */; };
		CE3C3D031CA98B9D00BA551F /* AudioToolbox.framework in Frameworks */ = {isa = PBXBuildFile; fileRef = CE3C3D021CA98B9D00BA551F /* AudioToolbox.framework */; };
		CE3C3D051CA9C5FC00BA551F /* Characters.plist in Resources */ = {isa = PBXBuildFile; fileRef = CE3C3D041CA9C5FC00BA551F /* Characters.plist */; };
		CE49423D1CBD3F07009F42DF /* SuperButton.swift in Sources */ = {isa = PBXBuildFile; fileRef = CE49423C1CBD3F07009F42DF /* SuperButton.swift */; };
		CE50D0C81C9D91AC007AF0E2 /* Event.swift in Sources */ = {isa = PBXBuildFile; fileRef = CE50D0C71C9D91AC007AF0E2 /* Event.swift */; };
		CE50D0CA1C9DA8B2007AF0E2 /* Events.plist in Resources */ = {isa = PBXBuildFile; fileRef = CE50D0C91C9DA8B2007AF0E2 /* Events.plist */; };
		CE50D0CC1CA03A75007AF0E2 /* EventController.swift in Sources */ = {isa = PBXBuildFile; fileRef = CE50D0CB1CA03A75007AF0E2 /* EventController.swift */; };
		CE50D0F71CA1C0D6007AF0E2 /* NecessaryRooms.plist in Resources */ = {isa = PBXBuildFile; fileRef = CE50D0F61CA1C0D6007AF0E2 /* NecessaryRooms.plist */; };
		CE59B8311CB69A6B00D9A8BB /* InventoryController.swift in Sources */ = {isa = PBXBuildFile; fileRef = CE59B8301CB69A6B00D9A8BB /* InventoryController.swift */; };
		CE6F27B51C90B42500B21818 /* ExplorationController.swift in Sources */ = {isa = PBXBuildFile; fileRef = CE6F27B41C90B42500B21818 /* ExplorationController.swift */; };
		CE6F27B71C9326DD00B21818 /* Action.swift in Sources */ = {isa = PBXBuildFile; fileRef = CE6F27B61C9326DD00B21818 /* Action.swift */; };
		CE6F27B91C93279300B21818 /* Rule.swift in Sources */ = {isa = PBXBuildFile; fileRef = CE6F27B81C93279300B21818 /* Rule.swift */; };
		CE6F27BB1C932A2600B21818 /* Item.swift in Sources */ = {isa = PBXBuildFile; fileRef = CE6F27BA1C932A2600B21818 /* Item.swift */; };
		CE6F27BD1C9335C900B21818 /* Character.swift in Sources */ = {isa = PBXBuildFile; fileRef = CE6F27BC1C9335C900B21818 /* Character.swift */; };
		CE6F27BF1C933DE400B21818 /* Stage.swift in Sources */ = {isa = PBXBuildFile; fileRef = CE6F27BE1C933DE400B21818 /* Stage.swift */; };
		CE6F28071C99C99D00B21818 /* Detail.swift in Sources */ = {isa = PBXBuildFile; fileRef = CE6F28061C99C99C00B21818 /* Detail.swift */; };
		CEB6D24F1CDBB55D0070CCCB /* ClockController.swift in Sources */ = {isa = PBXBuildFile; fileRef = CEB6D24E1CDBB55D0070CCCB /* ClockController.swift */; };
		CEB6D2551CE11D380070CCCB /* ContainerController.swift in Sources */ = {isa = PBXBuildFile; fileRef = CEB6D2541CE11D380070CCCB /* ContainerController.swift */; };
		CEB91C411CD7C39D00249297 /* SkullController.swift in Sources */ = {isa = PBXBuildFile; fileRef = CEB91C401CD7C39D00249297 /* SkullController.swift */; };
		CEB91C431CD97A5200249297 /* Skull.plist in Resources */ = {isa = PBXBuildFile; fileRef = CEB91C421CD97A5200249297 /* Skull.plist */; };
		CEF40DD51CAE9F1100F1B08B /* UILabelExtension.swift in Sources */ = {isa = PBXBuildFile; fileRef = CEF40DD41CAE9F1100F1B08B /* UILabelExtension.swift */; };
		CEF40DD71CAEA1E400F1B08B /* Style.swift in Sources */ = {isa = PBXBuildFile; fileRef = CEF40DD61CAEA1E400F1B08B /* Style.swift */; };
		CEF40DD91CB41ED300F1B08B /* Detailed.swift in Sources */ = {isa = PBXBuildFile; fileRef = CEF40DD81CB41ED300F1B08B /* Detailed.swift */; };
		CEF7D9741CDBAF7D00491F51 /* Skull.swift in Sources */ = {isa = PBXBuildFile; fileRef = CEF7D9731CDBAF7D00491F51 /* Skull.swift */; };
/* End PBXBuildFile section */

/* Begin PBXContainerItemProxy section */
		CE04788B1C6C10FD008E23E1 /* PBXContainerItemProxy */ = {
			isa = PBXContainerItemProxy;
			containerPortal = CE04786B1C6C10FC008E23E1 /* Project object */;
			proxyType = 1;
			remoteGlobalIDString = CE0478721C6C10FC008E23E1;
			remoteInfo = "horrible house";
		};
		CE0478961C6C10FD008E23E1 /* PBXContainerItemProxy */ = {
			isa = PBXContainerItemProxy;
			containerPortal = CE04786B1C6C10FC008E23E1 /* Project object */;
			proxyType = 1;
			remoteGlobalIDString = CE0478721C6C10FC008E23E1;
			remoteInfo = "horrible house";
		};
/* End PBXContainerItemProxy section */

/* Begin PBXFileReference section */
		CE006FC91CC3008700A18D63 /* PhoneController.swift */ = {isa = PBXFileReference; fileEncoding = 4; lastKnownFileType = sourcecode.swift; path = PhoneController.swift; sourceTree = "<group>"; };
		CE0478731C6C10FC008E23E1 /* horrible house.app */ = {isa = PBXFileReference; explicitFileType = wrapper.application; includeInIndex = 0; path = "horrible house.app"; sourceTree = BUILT_PRODUCTS_DIR; };
		CE0478761C6C10FD008E23E1 /* AppDelegate.swift */ = {isa = PBXFileReference; lastKnownFileType = sourcecode.swift; path = AppDelegate.swift; sourceTree = "<group>"; };
		CE04787B1C6C10FD008E23E1 /* Base */ = {isa = PBXFileReference; lastKnownFileType = file.storyboard; name = Base; path = Base.lproj/Main.storyboard; sourceTree = "<group>"; };
		CE04787E1C6C10FD008E23E1 /* horrible_house.xcdatamodel */ = {isa = PBXFileReference; lastKnownFileType = wrapper.xcdatamodel; path = horrible_house.xcdatamodel; sourceTree = "<group>"; };
		CE0478831C6C10FD008E23E1 /* Base */ = {isa = PBXFileReference; lastKnownFileType = file.storyboard; name = Base; path = Base.lproj/LaunchScreen.storyboard; sourceTree = "<group>"; };
		CE0478851C6C10FD008E23E1 /* Info.plist */ = {isa = PBXFileReference; lastKnownFileType = text.plist.xml; path = Info.plist; sourceTree = "<group>"; };
		CE04788A1C6C10FD008E23E1 /* horrible houseTests.xctest */ = {isa = PBXFileReference; explicitFileType = wrapper.cfbundle; includeInIndex = 0; path = "horrible houseTests.xctest"; sourceTree = BUILT_PRODUCTS_DIR; };
		CE04788E1C6C10FD008E23E1 /* horrible_houseTests.swift */ = {isa = PBXFileReference; lastKnownFileType = sourcecode.swift; path = horrible_houseTests.swift; sourceTree = "<group>"; };
		CE0478901C6C10FD008E23E1 /* Info.plist */ = {isa = PBXFileReference; lastKnownFileType = text.plist.xml; path = Info.plist; sourceTree = "<group>"; };
		CE0478951C6C10FD008E23E1 /* horrible houseUITests.xctest */ = {isa = PBXFileReference; explicitFileType = wrapper.cfbundle; includeInIndex = 0; path = "horrible houseUITests.xctest"; sourceTree = BUILT_PRODUCTS_DIR; };
		CE0478991C6C10FD008E23E1 /* horrible_houseUITests.swift */ = {isa = PBXFileReference; lastKnownFileType = sourcecode.swift; path = horrible_houseUITests.swift; sourceTree = "<group>"; };
		CE04789B1C6C10FD008E23E1 /* Info.plist */ = {isa = PBXFileReference; lastKnownFileType = text.plist.xml; path = Info.plist; sourceTree = "<group>"; };
		CE0478A81C6C145A008E23E1 /* Rooms.plist */ = {isa = PBXFileReference; fileEncoding = 4; lastKnownFileType = text.plist.xml; path = Rooms.plist; sourceTree = "<group>"; };
		CE0478AA1C6C3452008E23E1 /* Room.swift */ = {isa = PBXFileReference; fileEncoding = 4; lastKnownFileType = sourcecode.swift; path = Room.swift; sourceTree = "<group>"; };
		CE0478AC1C6C3B4F008E23E1 /* House.swift */ = {isa = PBXFileReference; fileEncoding = 4; lastKnownFileType = sourcecode.swift; path = House.swift; sourceTree = "<group>"; };
		CE2AD79C1CCA87CA00B1353C /* key#.mp3 */ = {isa = PBXFileReference; lastKnownFileType = audio.mp3; name = "key#.mp3"; path = "sound/key#.mp3"; sourceTree = SOURCE_ROOT; };
		CE2AD79D1CCA87CA00B1353C /* key0.mp3 */ = {isa = PBXFileReference; lastKnownFileType = audio.mp3; name = key0.mp3; path = sound/key0.mp3; sourceTree = SOURCE_ROOT; };
		CE2AD79E1CCA87CA00B1353C /* key1.mp3 */ = {isa = PBXFileReference; lastKnownFileType = audio.mp3; name = key1.mp3; path = sound/key1.mp3; sourceTree = SOURCE_ROOT; };
		CE2AD79F1CCA87CA00B1353C /* key2.mp3 */ = {isa = PBXFileReference; lastKnownFileType = audio.mp3; name = key2.mp3; path = sound/key2.mp3; sourceTree = SOURCE_ROOT; };
		CE2AD7A01CCA87CA00B1353C /* key3.mp3 */ = {isa = PBXFileReference; lastKnownFileType = audio.mp3; name = key3.mp3; path = sound/key3.mp3; sourceTree = SOURCE_ROOT; };
		CE2AD7A11CCA87CA00B1353C /* key4.mp3 */ = {isa = PBXFileReference; lastKnownFileType = audio.mp3; name = key4.mp3; path = sound/key4.mp3; sourceTree = SOURCE_ROOT; };
		CE2AD7A21CCA87CA00B1353C /* key5.mp3 */ = {isa = PBXFileReference; lastKnownFileType = audio.mp3; name = key5.mp3; path = sound/key5.mp3; sourceTree = SOURCE_ROOT; };
		CE2AD7A31CCA87CA00B1353C /* key6.mp3 */ = {isa = PBXFileReference; lastKnownFileType = audio.mp3; name = key6.mp3; path = sound/key6.mp3; sourceTree = SOURCE_ROOT; };
		CE2AD7A41CCA87CA00B1353C /* key7.mp3 */ = {isa = PBXFileReference; lastKnownFileType = audio.mp3; name = key7.mp3; path = sound/key7.mp3; sourceTree = SOURCE_ROOT; };
		CE2AD7A51CCA87CA00B1353C /* key8.mp3 */ = {isa = PBXFileReference; lastKnownFileType = audio.mp3; name = key8.mp3; path = sound/key8.mp3; sourceTree = SOURCE_ROOT; };
		CE2AD7A61CCA87CA00B1353C /* key9.mp3 */ = {isa = PBXFileReference; lastKnownFileType = audio.mp3; name = key9.mp3; path = sound/key9.mp3; sourceTree = SOURCE_ROOT; };
		CE2AD7A71CCA87CA00B1353C /* keyStar.mp3 */ = {isa = PBXFileReference; lastKnownFileType = audio.mp3; name = keyStar.mp3; path = sound/keyStar.mp3; sourceTree = SOURCE_ROOT; };
		CE2AD7B41CCF950B00B1353C /* GameTime.swift */ = {isa = PBXFileReference; fileEncoding = 4; lastKnownFileType = sourcecode.swift; path = GameTime.swift; sourceTree = "<group>"; };
		CE2AD7B61CCF95B500B1353C /* GameClock.swift */ = {isa = PBXFileReference; fileEncoding = 4; lastKnownFileType = sourcecode.swift; path = GameClock.swift; sourceTree = "<group>"; };
		CE2F7A961CA224C100A3025D /* DictionaryBased.swift */ = {isa = PBXFileReference; fileEncoding = 4; lastKnownFileType = sourcecode.swift; path = DictionaryBased.swift; sourceTree = "<group>"; };
		CE2F7A981CA234AA00A3025D /* RuleBased.swift */ = {isa = PBXFileReference; fileEncoding = 4; lastKnownFileType = sourcecode.swift; path = RuleBased.swift; sourceTree = "<group>"; };
		CE2F7A9A1CA2351500A3025D /* ItemBased.swift */ = {isa = PBXFileReference; fileEncoding = 4; lastKnownFileType = sourcecode.swift; path = ItemBased.swift; sourceTree = "<group>"; };
		CE2F7A9F1CA2FA3200A3025D /* ActionPacked.swift */ = {isa = PBXFileReference; fileEncoding = 4; lastKnownFileType = sourcecode.swift; path = ActionPacked.swift; sourceTree = "<group>"; };
		CE3205721C703AD000EAA581 /* ArrayExtension.swift */ = {isa = PBXFileReference; fileEncoding = 4; lastKnownFileType = sourcecode.swift; path = ArrayExtension.swift; sourceTree = "<group>"; };
		CE3BEA4D1CB6B1550062AFAF /* TabBarController.swift */ = {isa = PBXFileReference; fileEncoding = 4; lastKnownFileType = sourcecode.swift; path = TabBarController.swift; sourceTree = "<group>"; };
		CE3BEA4F1CB717710062AFAF /* MapController.swift */ = {isa = PBXFileReference; fileEncoding = 4; lastKnownFileType = sourcecode.swift; path = MapController.swift; sourceTree = "<group>"; };
		CE3C3CE31CA8CBEF00BA551F /* PianoController.swift */ = {isa = PBXFileReference; fileEncoding = 4; lastKnownFileType = sourcecode.swift; path = PianoController.swift; sourceTree = "<group>"; };
		CE3C3CE51CA9849700BA551F /* AVFoundation.framework */ = {isa = PBXFileReference; lastKnownFileType = wrapper.framework; name = AVFoundation.framework; path = System/Library/Frameworks/AVFoundation.framework; sourceTree = SDKROOT; };
		CE3C3CE71CA9863900BA551F /* Media.xcassets */ = {isa = PBXFileReference; lastKnownFileType = folder.assetcatalog; path = Media.xcassets; sourceTree = "<group>"; };
		CE3C3CEA1CA9871F00BA551F /* white1.mp3 */ = {isa = PBXFileReference; lastKnownFileType = audio.mp3; name = white1.mp3; path = sound/white1.mp3; sourceTree = SOURCE_ROOT; };
		CE3C3CEB1CA9871F00BA551F /* black1.mp3 */ = {isa = PBXFileReference; lastKnownFileType = audio.mp3; name = black1.mp3; path = sound/black1.mp3; sourceTree = SOURCE_ROOT; };
		CE3C3CEC1CA9871F00BA551F /* white2.mp3 */ = {isa = PBXFileReference; lastKnownFileType = audio.mp3; name = white2.mp3; path = sound/white2.mp3; sourceTree = SOURCE_ROOT; };
		CE3C3CED1CA9871F00BA551F /* black2.mp3 */ = {isa = PBXFileReference; lastKnownFileType = audio.mp3; name = black2.mp3; path = sound/black2.mp3; sourceTree = SOURCE_ROOT; };
		CE3C3CEE1CA9871F00BA551F /* white3.mp3 */ = {isa = PBXFileReference; lastKnownFileType = audio.mp3; name = white3.mp3; path = sound/white3.mp3; sourceTree = SOURCE_ROOT; };
		CE3C3CEF1CA9871F00BA551F /* white4.mp3 */ = {isa = PBXFileReference; lastKnownFileType = audio.mp3; name = white4.mp3; path = sound/white4.mp3; sourceTree = SOURCE_ROOT; };
		CE3C3CF01CA9871F00BA551F /* black3.mp3 */ = {isa = PBXFileReference; lastKnownFileType = audio.mp3; name = black3.mp3; path = sound/black3.mp3; sourceTree = SOURCE_ROOT; };
		CE3C3CF11CA9871F00BA551F /* white5.mp3 */ = {isa = PBXFileReference; lastKnownFileType = audio.mp3; name = white5.mp3; path = sound/white5.mp3; sourceTree = SOURCE_ROOT; };
		CE3C3CF21CA9871F00BA551F /* black4.mp3 */ = {isa = PBXFileReference; lastKnownFileType = audio.mp3; name = black4.mp3; path = sound/black4.mp3; sourceTree = SOURCE_ROOT; };
		CE3C3CF31CA9871F00BA551F /* white6.mp3 */ = {isa = PBXFileReference; lastKnownFileType = audio.mp3; name = white6.mp3; path = sound/white6.mp3; sourceTree = SOURCE_ROOT; };
		CE3C3CF41CA9871F00BA551F /* black5.mp3 */ = {isa = PBXFileReference; lastKnownFileType = audio.mp3; name = black5.mp3; path = sound/black5.mp3; sourceTree = SOURCE_ROOT; };
		CE3C3CF51CA9871F00BA551F /* white7.mp3 */ = {isa = PBXFileReference; lastKnownFileType = audio.mp3; name = white7.mp3; path = sound/white7.mp3; sourceTree = SOURCE_ROOT; };
		CE3C3D021CA98B9D00BA551F /* AudioToolbox.framework */ = {isa = PBXFileReference; lastKnownFileType = wrapper.framework; name = AudioToolbox.framework; path = System/Library/Frameworks/AudioToolbox.framework; sourceTree = SDKROOT; };
		CE3C3D041CA9C5FC00BA551F /* Characters.plist */ = {isa = PBXFileReference; fileEncoding = 4; lastKnownFileType = text.plist.xml; path = Characters.plist; sourceTree = "<group>"; };
		CE49423C1CBD3F07009F42DF /* SuperButton.swift */ = {isa = PBXFileReference; fileEncoding = 4; lastKnownFileType = sourcecode.swift; path = SuperButton.swift; sourceTree = "<group>"; };
		CE50D0C71C9D91AC007AF0E2 /* Event.swift */ = {isa = PBXFileReference; fileEncoding = 4; lastKnownFileType = sourcecode.swift; path = Event.swift; sourceTree = "<group>"; };
		CE50D0C91C9DA8B2007AF0E2 /* Events.plist */ = {isa = PBXFileReference; fileEncoding = 4; lastKnownFileType = text.plist.xml; path = Events.plist; sourceTree = "<group>"; };
		CE50D0CB1CA03A75007AF0E2 /* EventController.swift */ = {isa = PBXFileReference; fileEncoding = 4; lastKnownFileType = sourcecode.swift; path = EventController.swift; sourceTree = "<group>"; };
		CE50D0F61CA1C0D6007AF0E2 /* NecessaryRooms.plist */ = {isa = PBXFileReference; fileEncoding = 4; lastKnownFileType = text.plist.xml; path = NecessaryRooms.plist; sourceTree = "<group>"; };
		CE59B8301CB69A6B00D9A8BB /* InventoryController.swift */ = {isa = PBXFileReference; fileEncoding = 4; lastKnownFileType = sourcecode.swift; path = InventoryController.swift; sourceTree = "<group>"; };
		CE6F27B41C90B42500B21818 /* ExplorationController.swift */ = {isa = PBXFileReference; fileEncoding = 4; lastKnownFileType = sourcecode.swift; path = ExplorationController.swift; sourceTree = "<group>"; };
		CE6F27B61C9326DD00B21818 /* Action.swift */ = {isa = PBXFileReference; fileEncoding = 4; lastKnownFileType = sourcecode.swift; path = Action.swift; sourceTree = "<group>"; };
		CE6F27B81C93279300B21818 /* Rule.swift */ = {isa = PBXFileReference; fileEncoding = 4; lastKnownFileType = sourcecode.swift; path = Rule.swift; sourceTree = "<group>"; };
		CE6F27BA1C932A2600B21818 /* Item.swift */ = {isa = PBXFileReference; fileEncoding = 4; lastKnownFileType = sourcecode.swift; path = Item.swift; sourceTree = "<group>"; };
		CE6F27BC1C9335C900B21818 /* Character.swift */ = {isa = PBXFileReference; fileEncoding = 4; lastKnownFileType = sourcecode.swift; path = Character.swift; sourceTree = "<group>"; };
		CE6F27BE1C933DE400B21818 /* Stage.swift */ = {isa = PBXFileReference; fileEncoding = 4; lastKnownFileType = sourcecode.swift; path = Stage.swift; sourceTree = "<group>"; };
		CE6F28061C99C99C00B21818 /* Detail.swift */ = {isa = PBXFileReference; fileEncoding = 4; lastKnownFileType = sourcecode.swift; path = Detail.swift; sourceTree = "<group>"; };
		CEB6D24E1CDBB55D0070CCCB /* ClockController.swift */ = {isa = PBXFileReference; fileEncoding = 4; lastKnownFileType = sourcecode.swift; path = ClockController.swift; sourceTree = "<group>"; };
		CEB6D2541CE11D380070CCCB /* ContainerController.swift */ = {isa = PBXFileReference; fileEncoding = 4; lastKnownFileType = sourcecode.swift; path = ContainerController.swift; sourceTree = "<group>"; };
		CEB91C401CD7C39D00249297 /* SkullController.swift */ = {isa = PBXFileReference; fileEncoding = 4; lastKnownFileType = sourcecode.swift; path = SkullController.swift; sourceTree = "<group>"; };
		CEB91C421CD97A5200249297 /* Skull.plist */ = {isa = PBXFileReference; fileEncoding = 4; lastKnownFileType = text.plist.xml; path = Skull.plist; sourceTree = "<group>"; };
		CEF40DD41CAE9F1100F1B08B /* UILabelExtension.swift */ = {isa = PBXFileReference; fileEncoding = 4; lastKnownFileType = sourcecode.swift; path = UILabelExtension.swift; sourceTree = "<group>"; };
		CEF40DD61CAEA1E400F1B08B /* Style.swift */ = {isa = PBXFileReference; fileEncoding = 4; lastKnownFileType = sourcecode.swift; path = Style.swift; sourceTree = "<group>"; };
		CEF40DD81CB41ED300F1B08B /* Detailed.swift */ = {isa = PBXFileReference; fileEncoding = 4; lastKnownFileType = sourcecode.swift; path = Detailed.swift; sourceTree = "<group>"; };
		CEF7D9731CDBAF7D00491F51 /* Skull.swift */ = {isa = PBXFileReference; fileEncoding = 4; lastKnownFileType = sourcecode.swift; path = Skull.swift; sourceTree = "<group>"; };
/* End PBXFileReference section */

/* Begin PBXFrameworksBuildPhase section */
		CE0478701C6C10FC008E23E1 /* Frameworks */ = {
			isa = PBXFrameworksBuildPhase;
			buildActionMask = 2147483647;
			files = (
				CE3C3D031CA98B9D00BA551F /* AudioToolbox.framework in Frameworks */,
				CE3C3CE61CA9849700BA551F /* AVFoundation.framework in Frameworks */,
			);
			runOnlyForDeploymentPostprocessing = 0;
		};
		CE0478871C6C10FD008E23E1 /* Frameworks */ = {
			isa = PBXFrameworksBuildPhase;
			buildActionMask = 2147483647;
			files = (
			);
			runOnlyForDeploymentPostprocessing = 0;
		};
		CE0478921C6C10FD008E23E1 /* Frameworks */ = {
			isa = PBXFrameworksBuildPhase;
			buildActionMask = 2147483647;
			files = (
			);
			runOnlyForDeploymentPostprocessing = 0;
		};
/* End PBXFrameworksBuildPhase section */

/* Begin PBXGroup section */
		CE04786A1C6C10FC008E23E1 = {
			isa = PBXGroup;
			children = (
				CE3C3D021CA98B9D00BA551F /* AudioToolbox.framework */,
				CE3C3CE51CA9849700BA551F /* AVFoundation.framework */,
				CE0478751C6C10FD008E23E1 /* horrible house */,
				CE04788D1C6C10FD008E23E1 /* horrible houseTests */,
				CE0478981C6C10FD008E23E1 /* horrible houseUITests */,
				CE0478741C6C10FC008E23E1 /* Products */,
			);
			sourceTree = "<group>";
		};
		CE0478741C6C10FC008E23E1 /* Products */ = {
			isa = PBXGroup;
			children = (
				CE0478731C6C10FC008E23E1 /* horrible house.app */,
				CE04788A1C6C10FD008E23E1 /* horrible houseTests.xctest */,
				CE0478951C6C10FD008E23E1 /* horrible houseUITests.xctest */,
			);
			name = Products;
			sourceTree = "<group>";
		};
		CE0478751C6C10FD008E23E1 /* horrible house */ = {
			isa = PBXGroup;
			children = (
				CE0478761C6C10FD008E23E1 /* AppDelegate.swift */,
				CEF40DD31CAE9ED800F1B08B /* Extensions and Styles */,
				CE2F7A9C1CA2DF3800A3025D /* Protocols */,
				CE2F7A9D1CA2DF5600A3025D /* GameObjects */,
				CE2F7A9E1CA2DF6F00A3025D /* ViewControllers */,
				CE04787A1C6C10FD008E23E1 /* Main.storyboard */,
				CE3C3CE71CA9863900BA551F /* Media.xcassets */,
				CE3C3CE91CA9865F00BA551F /* Sounds */,
				CE0478821C6C10FD008E23E1 /* LaunchScreen.storyboard */,
				CE0478A81C6C145A008E23E1 /* Rooms.plist */,
				CE50D0F61CA1C0D6007AF0E2 /* NecessaryRooms.plist */,
				CE3C3D041CA9C5FC00BA551F /* Characters.plist */,
				CE50D0C91C9DA8B2007AF0E2 /* Events.plist */,
				CEB91C421CD97A5200249297 /* Skull.plist */,
				CE0478851C6C10FD008E23E1 /* Info.plist */,
				CE04787D1C6C10FD008E23E1 /* horrible_house.xcdatamodeld */,
			);
			path = "horrible house";
			sourceTree = "<group>";
		};
		CE04788D1C6C10FD008E23E1 /* horrible houseTests */ = {
			isa = PBXGroup;
			children = (
				CE04788E1C6C10FD008E23E1 /* horrible_houseTests.swift */,
				CE0478901C6C10FD008E23E1 /* Info.plist */,
			);
			path = "horrible houseTests";
			sourceTree = "<group>";
		};
		CE0478981C6C10FD008E23E1 /* horrible houseUITests */ = {
			isa = PBXGroup;
			children = (
				CE0478991C6C10FD008E23E1 /* horrible_houseUITests.swift */,
				CE04789B1C6C10FD008E23E1 /* Info.plist */,
			);
			path = "horrible houseUITests";
			sourceTree = "<group>";
		};
		CE2F7A9C1CA2DF3800A3025D /* Protocols */ = {
			isa = PBXGroup;
			children = (
				CE2F7A961CA224C100A3025D /* DictionaryBased.swift */,
				CE2F7A9F1CA2FA3200A3025D /* ActionPacked.swift */,
				CEF40DD81CB41ED300F1B08B /* Detailed.swift */,
				CE2F7A981CA234AA00A3025D /* RuleBased.swift */,
				CE2F7A9A1CA2351500A3025D /* ItemBased.swift */,
			);
			name = Protocols;
			sourceTree = "<group>";
		};
		CE2F7A9D1CA2DF5600A3025D /* GameObjects */ = {
			isa = PBXGroup;
			children = (
				CE0478AC1C6C3B4F008E23E1 /* House.swift */,
				CE0478AA1C6C3452008E23E1 /* Room.swift */,
				CE6F27BC1C9335C900B21818 /* Character.swift */,
				CE6F27B61C9326DD00B21818 /* Action.swift */,
				CE6F27B81C93279300B21818 /* Rule.swift */,
				CE6F27BA1C932A2600B21818 /* Item.swift */,
				CE50D0C71C9D91AC007AF0E2 /* Event.swift */,
				CE6F27BE1C933DE400B21818 /* Stage.swift */,
				CE6F28061C99C99C00B21818 /* Detail.swift */,
				CE2AD7B41CCF950B00B1353C /* GameTime.swift */,
				CE2AD7B61CCF95B500B1353C /* GameClock.swift */,
				CEF7D9731CDBAF7D00491F51 /* Skull.swift */,
			);
			name = GameObjects;
			sourceTree = "<group>";
		};
		CE2F7A9E1CA2DF6F00A3025D /* ViewControllers */ = {
			isa = PBXGroup;
			children = (
				CE6F27B41C90B42500B21818 /* ExplorationController.swift */,
				CE50D0CB1CA03A75007AF0E2 /* EventController.swift */,
				CE59B8301CB69A6B00D9A8BB /* InventoryController.swift */,
				CE3BEA4F1CB717710062AFAF /* MapController.swift */,
				CEB91C401CD7C39D00249297 /* SkullController.swift */,
				CEB6D24E1CDBB55D0070CCCB /* ClockController.swift */,
				CEB6D2541CE11D380070CCCB /* ContainerController.swift */,
				CE3C3CE31CA8CBEF00BA551F /* PianoController.swift */,
				CE006FC91CC3008700A18D63 /* PhoneController.swift */,
			);
			name = ViewControllers;
			sourceTree = "<group>";
		};
		CE3C3CE91CA9865F00BA551F /* Sounds */ = {
			isa = PBXGroup;
			children = (
				CE2AD79C1CCA87CA00B1353C /* key#.mp3 */,
				CE2AD79D1CCA87CA00B1353C /* key0.mp3 */,
				CE2AD79E1CCA87CA00B1353C /* key1.mp3 */,
				CE2AD79F1CCA87CA00B1353C /* key2.mp3 */,
				CE2AD7A01CCA87CA00B1353C /* key3.mp3 */,
				CE2AD7A11CCA87CA00B1353C /* key4.mp3 */,
				CE2AD7A21CCA87CA00B1353C /* key5.mp3 */,
				CE2AD7A31CCA87CA00B1353C /* key6.mp3 */,
				CE2AD7A41CCA87CA00B1353C /* key7.mp3 */,
				CE2AD7A51CCA87CA00B1353C /* key8.mp3 */,
				CE2AD7A61CCA87CA00B1353C /* key9.mp3 */,
				CE2AD7A71CCA87CA00B1353C /* keyStar.mp3 */,
				CE3C3CEA1CA9871F00BA551F /* white1.mp3 */,
				CE3C3CEB1CA9871F00BA551F /* black1.mp3 */,
				CE3C3CEC1CA9871F00BA551F /* white2.mp3 */,
				CE3C3CED1CA9871F00BA551F /* black2.mp3 */,
				CE3C3CEE1CA9871F00BA551F /* white3.mp3 */,
				CE3C3CEF1CA9871F00BA551F /* white4.mp3 */,
				CE3C3CF01CA9871F00BA551F /* black3.mp3 */,
				CE3C3CF11CA9871F00BA551F /* white5.mp3 */,
				CE3C3CF21CA9871F00BA551F /* black4.mp3 */,
				CE3C3CF31CA9871F00BA551F /* white6.mp3 */,
				CE3C3CF41CA9871F00BA551F /* black5.mp3 */,
				CE3C3CF51CA9871F00BA551F /* white7.mp3 */,
			);
			name = Sounds;
			sourceTree = "<group>";
		};
		CEF40DD31CAE9ED800F1B08B /* Extensions and Styles */ = {
			isa = PBXGroup;
			children = (
				CEF40DD41CAE9F1100F1B08B /* UILabelExtension.swift */,
				CE3205721C703AD000EAA581 /* ArrayExtension.swift */,
				CE3BEA4D1CB6B1550062AFAF /* TabBarController.swift */,
				CE49423C1CBD3F07009F42DF /* SuperButton.swift */,
				CEF40DD61CAEA1E400F1B08B /* Style.swift */,
			);
			name = "Extensions and Styles";
			sourceTree = "<group>";
		};
/* End PBXGroup section */

/* Begin PBXNativeTarget section */
		CE0478721C6C10FC008E23E1 /* horrible house */ = {
			isa = PBXNativeTarget;
			buildConfigurationList = CE04789E1C6C10FD008E23E1 /* Build configuration list for PBXNativeTarget "horrible house" */;
			buildPhases = (
				CE04786F1C6C10FC008E23E1 /* Sources */,
				CE0478701C6C10FC008E23E1 /* Frameworks */,
				CE0478711C6C10FC008E23E1 /* Resources */,
			);
			buildRules = (
			);
			dependencies = (
			);
			name = "horrible house";
			productName = "horrible house";
			productReference = CE0478731C6C10FC008E23E1 /* horrible house.app */;
			productType = "com.apple.product-type.application";
		};
		CE0478891C6C10FD008E23E1 /* horrible houseTests */ = {
			isa = PBXNativeTarget;
			buildConfigurationList = CE0478A11C6C10FD008E23E1 /* Build configuration list for PBXNativeTarget "horrible houseTests" */;
			buildPhases = (
				CE0478861C6C10FD008E23E1 /* Sources */,
				CE0478871C6C10FD008E23E1 /* Frameworks */,
				CE0478881C6C10FD008E23E1 /* Resources */,
			);
			buildRules = (
			);
			dependencies = (
				CE04788C1C6C10FD008E23E1 /* PBXTargetDependency */,
			);
			name = "horrible houseTests";
			productName = "horrible houseTests";
			productReference = CE04788A1C6C10FD008E23E1 /* horrible houseTests.xctest */;
			productType = "com.apple.product-type.bundle.unit-test";
		};
		CE0478941C6C10FD008E23E1 /* horrible houseUITests */ = {
			isa = PBXNativeTarget;
			buildConfigurationList = CE0478A41C6C10FD008E23E1 /* Build configuration list for PBXNativeTarget "horrible houseUITests" */;
			buildPhases = (
				CE0478911C6C10FD008E23E1 /* Sources */,
				CE0478921C6C10FD008E23E1 /* Frameworks */,
				CE0478931C6C10FD008E23E1 /* Resources */,
			);
			buildRules = (
			);
			dependencies = (
				CE0478971C6C10FD008E23E1 /* PBXTargetDependency */,
			);
			name = "horrible houseUITests";
			productName = "horrible houseUITests";
			productReference = CE0478951C6C10FD008E23E1 /* horrible houseUITests.xctest */;
			productType = "com.apple.product-type.bundle.ui-testing";
		};
/* End PBXNativeTarget section */

/* Begin PBXProject section */
		CE04786B1C6C10FC008E23E1 /* Project object */ = {
			isa = PBXProject;
			attributes = {
				LastSwiftUpdateCheck = 0720;
				LastUpgradeCheck = 0720;
				ORGANIZATIONNAME = "Terry Torres";
				TargetAttributes = {
					CE0478721C6C10FC008E23E1 = {
						CreatedOnToolsVersion = 7.2;
					};
					CE0478891C6C10FD008E23E1 = {
						CreatedOnToolsVersion = 7.2;
						TestTargetID = CE0478721C6C10FC008E23E1;
					};
					CE0478941C6C10FD008E23E1 = {
						CreatedOnToolsVersion = 7.2;
						TestTargetID = CE0478721C6C10FC008E23E1;
					};
				};
			};
			buildConfigurationList = CE04786E1C6C10FC008E23E1 /* Build configuration list for PBXProject "horrible house" */;
			compatibilityVersion = "Xcode 3.2";
			developmentRegion = English;
			hasScannedForEncodings = 0;
			knownRegions = (
				en,
				Base,
			);
			mainGroup = CE04786A1C6C10FC008E23E1;
			productRefGroup = CE0478741C6C10FC008E23E1 /* Products */;
			projectDirPath = "";
			projectRoot = "";
			targets = (
				CE0478721C6C10FC008E23E1 /* horrible house */,
				CE0478891C6C10FD008E23E1 /* horrible houseTests */,
				CE0478941C6C10FD008E23E1 /* horrible houseUITests */,
			);
		};
/* End PBXProject section */

/* Begin PBXResourcesBuildPhase section */
		CE0478711C6C10FC008E23E1 /* Resources */ = {
			isa = PBXResourcesBuildPhase;
			buildActionMask = 2147483647;
			files = (
				CE3C3D001CA9871F00BA551F /* black5.mp3 in Resources */,
				CE3C3CFA1CA9871F00BA551F /* white3.mp3 in Resources */,
				CE2AD7AC1CCA87CA00B1353C /* key3.mp3 in Resources */,
				CE50D0CA1C9DA8B2007AF0E2 /* Events.plist in Resources */,
				CE2AD7AE1CCA87CA00B1353C /* key5.mp3 in Resources */,
				CE3C3D011CA9871F00BA551F /* white7.mp3 in Resources */,
				CE50D0F71CA1C0D6007AF0E2 /* NecessaryRooms.plist in Resources */,
				CE3C3CFE1CA9871F00BA551F /* black4.mp3 in Resources */,
				CE2AD7AA1CCA87CA00B1353C /* key1.mp3 in Resources */,
				CE2AD7A81CCA87CA00B1353C /* key#.mp3 in Resources */,
				CE3C3CF61CA9871F00BA551F /* white1.mp3 in Resources */,
				CE2AD7A91CCA87CA00B1353C /* key0.mp3 in Resources */,
				CE2AD7B31CCA87CA00B1353C /* keyStar.mp3 in Resources */,
				CE2AD7AD1CCA87CA00B1353C /* key4.mp3 in Resources */,
				CE2AD7AB1CCA87CA00B1353C /* key2.mp3 in Resources */,
				CE3C3CFF1CA9871F00BA551F /* white6.mp3 in Resources */,
				CEB91C431CD97A5200249297 /* Skull.plist in Resources */,
				CE2AD7B11CCA87CA00B1353C /* key8.mp3 in Resources */,
				CE3C3CFC1CA9871F00BA551F /* black3.mp3 in Resources */,
				CE3C3CF91CA9871F00BA551F /* black2.mp3 in Resources */,
				CE3C3CF81CA9871F00BA551F /* white2.mp3 in Resources */,
				CE0478841C6C10FD008E23E1 /* LaunchScreen.storyboard in Resources */,
				CE0478A91C6C145A008E23E1 /* Rooms.plist in Resources */,
				CE2AD7AF1CCA87CA00B1353C /* key6.mp3 in Resources */,
				CE3C3CFD1CA9871F00BA551F /* white5.mp3 in Resources */,
				CE2AD7B01CCA87CA00B1353C /* key7.mp3 in Resources */,
				CE3C3D051CA9C5FC00BA551F /* Characters.plist in Resources */,
				CE3C3CF71CA9871F00BA551F /* black1.mp3 in Resources */,
				CE2AD7B21CCA87CA00B1353C /* key9.mp3 in Resources */,
				CE3C3CFB1CA9871F00BA551F /* white4.mp3 in Resources */,
				CE3C3CE81CA9863900BA551F /* Media.xcassets in Resources */,
				CE04787C1C6C10FD008E23E1 /* Main.storyboard in Resources */,
			);
			runOnlyForDeploymentPostprocessing = 0;
		};
		CE0478881C6C10FD008E23E1 /* Resources */ = {
			isa = PBXResourcesBuildPhase;
			buildActionMask = 2147483647;
			files = (
			);
			runOnlyForDeploymentPostprocessing = 0;
		};
		CE0478931C6C10FD008E23E1 /* Resources */ = {
			isa = PBXResourcesBuildPhase;
			buildActionMask = 2147483647;
			files = (
			);
			runOnlyForDeploymentPostprocessing = 0;
		};
/* End PBXResourcesBuildPhase section */

/* Begin PBXSourcesBuildPhase section */
		CE04786F1C6C10FC008E23E1 /* Sources */ = {
			isa = PBXSourcesBuildPhase;
			buildActionMask = 2147483647;
			files = (
				CEB6D24F1CDBB55D0070CCCB /* ClockController.swift in Sources */,
				CE04787F1C6C10FD008E23E1 /* horrible_house.xcdatamodeld in Sources */,
				CE2F7A991CA234AA00A3025D /* RuleBased.swift in Sources */,
				CE006FCA1CC3008700A18D63 /* PhoneController.swift in Sources */,
				CEB91C411CD7C39D00249297 /* SkullController.swift in Sources */,
				CE49423D1CBD3F07009F42DF /* SuperButton.swift in Sources */,
				CE6F27BF1C933DE400B21818 /* Stage.swift in Sources */,
				CEF7D9741CDBAF7D00491F51 /* Skull.swift in Sources */,
				CEF40DD91CB41ED300F1B08B /* Detailed.swift in Sources */,
				CE59B8311CB69A6B00D9A8BB /* InventoryController.swift in Sources */,
				CE6F28071C99C99D00B21818 /* Detail.swift in Sources */,
				CE6F27BB1C932A2600B21818 /* Item.swift in Sources */,
				CE6F27B51C90B42500B21818 /* ExplorationController.swift in Sources */,
				CE0478AB1C6C3452008E23E1 /* Room.swift in Sources */,
				CE3BEA4E1CB6B1550062AFAF /* TabBarController.swift in Sources */,
				CE3C3CE41CA8CBEF00BA551F /* PianoController.swift in Sources */,
				CE3205731C703AD000EAA581 /* ArrayExtension.swift in Sources */,
				CE6F27B71C9326DD00B21818 /* Action.swift in Sources */,
				CE2F7AA01CA2FA3200A3025D /* ActionPacked.swift in Sources */,
				CE6F27B91C93279300B21818 /* Rule.swift in Sources */,
				CEF40DD51CAE9F1100F1B08B /* UILabelExtension.swift in Sources */,
				CE2AD7B51CCF950B00B1353C /* GameTime.swift in Sources */,
				CE6F27BD1C9335C900B21818 /* Character.swift in Sources */,
				CE0478AD1C6C3B4F008E23E1 /* House.swift in Sources */,
				CE0478771C6C10FD008E23E1 /* AppDelegate.swift in Sources */,
				CE2F7A971CA224C100A3025D /* DictionaryBased.swift in Sources */,
				CE2F7A9B1CA2351500A3025D /* ItemBased.swift in Sources */,
				CE2AD7B71CCF95B500B1353C /* GameClock.swift in Sources */,
				CE50D0CC1CA03A75007AF0E2 /* EventController.swift in Sources */,
				CEF40DD71CAEA1E400F1B08B /* Style.swift in Sources */,
				CE3BEA501CB717710062AFAF /* MapController.swift in Sources */,
				CEB6D2551CE11D380070CCCB /* ContainerController.swift in Sources */,
				CE50D0C81C9D91AC007AF0E2 /* Event.swift in Sources */,
			);
			runOnlyForDeploymentPostprocessing = 0;
		};
		CE0478861C6C10FD008E23E1 /* Sources */ = {
			isa = PBXSourcesBuildPhase;
			buildActionMask = 2147483647;
			files = (
				CE04788F1C6C10FD008E23E1 /* horrible_houseTests.swift in Sources */,
			);
			runOnlyForDeploymentPostprocessing = 0;
		};
		CE0478911C6C10FD008E23E1 /* Sources */ = {
			isa = PBXSourcesBuildPhase;
			buildActionMask = 2147483647;
			files = (
				CE04789A1C6C10FD008E23E1 /* horrible_houseUITests.swift in Sources */,
			);
			runOnlyForDeploymentPostprocessing = 0;
		};
/* End PBXSourcesBuildPhase section */

/* Begin PBXTargetDependency section */
		CE04788C1C6C10FD008E23E1 /* PBXTargetDependency */ = {
			isa = PBXTargetDependency;
			target = CE0478721C6C10FC008E23E1 /* horrible house */;
			targetProxy = CE04788B1C6C10FD008E23E1 /* PBXContainerItemProxy */;
		};
		CE0478971C6C10FD008E23E1 /* PBXTargetDependency */ = {
			isa = PBXTargetDependency;
			target = CE0478721C6C10FC008E23E1 /* horrible house */;
			targetProxy = CE0478961C6C10FD008E23E1 /* PBXContainerItemProxy */;
		};
/* End PBXTargetDependency section */

/* Begin PBXVariantGroup section */
		CE04787A1C6C10FD008E23E1 /* Main.storyboard */ = {
			isa = PBXVariantGroup;
			children = (
				CE04787B1C6C10FD008E23E1 /* Base */,
			);
			name = Main.storyboard;
			sourceTree = "<group>";
		};
		CE0478821C6C10FD008E23E1 /* LaunchScreen.storyboard */ = {
			isa = PBXVariantGroup;
			children = (
				CE0478831C6C10FD008E23E1 /* Base */,
			);
			name = LaunchScreen.storyboard;
			sourceTree = "<group>";
		};
/* End PBXVariantGroup section */

/* Begin XCBuildConfiguration section */
		CE04789C1C6C10FD008E23E1 /* Debug */ = {
			isa = XCBuildConfiguration;
			buildSettings = {
				ALWAYS_SEARCH_USER_PATHS = NO;
				CLANG_CXX_LANGUAGE_STANDARD = "gnu++0x";
				CLANG_CXX_LIBRARY = "libc++";
				CLANG_ENABLE_MODULES = YES;
				CLANG_ENABLE_OBJC_ARC = YES;
				CLANG_WARN_BOOL_CONVERSION = YES;
				CLANG_WARN_CONSTANT_CONVERSION = YES;
				CLANG_WARN_DIRECT_OBJC_ISA_USAGE = YES_ERROR;
				CLANG_WARN_EMPTY_BODY = YES;
				CLANG_WARN_ENUM_CONVERSION = YES;
				CLANG_WARN_INT_CONVERSION = YES;
				CLANG_WARN_OBJC_ROOT_CLASS = YES_ERROR;
				CLANG_WARN_UNREACHABLE_CODE = YES;
				CLANG_WARN__DUPLICATE_METHOD_MATCH = YES;
				"CODE_SIGN_IDENTITY[sdk=iphoneos*]" = "iPhone Developer";
				COPY_PHASE_STRIP = NO;
				DEBUG_INFORMATION_FORMAT = dwarf;
				ENABLE_STRICT_OBJC_MSGSEND = YES;
				ENABLE_TESTABILITY = YES;
				GCC_C_LANGUAGE_STANDARD = gnu99;
				GCC_DYNAMIC_NO_PIC = NO;
				GCC_NO_COMMON_BLOCKS = YES;
				GCC_OPTIMIZATION_LEVEL = 0;
				GCC_PREPROCESSOR_DEFINITIONS = (
					"DEBUG=1",
					"$(inherited)",
				);
				GCC_WARN_64_TO_32_BIT_CONVERSION = YES;
				GCC_WARN_ABOUT_RETURN_TYPE = YES_ERROR;
				GCC_WARN_UNDECLARED_SELECTOR = YES;
				GCC_WARN_UNINITIALIZED_AUTOS = YES_AGGRESSIVE;
				GCC_WARN_UNUSED_FUNCTION = YES;
				GCC_WARN_UNUSED_VARIABLE = YES;
				IPHONEOS_DEPLOYMENT_TARGET = 9.2;
				MTL_ENABLE_DEBUG_INFO = YES;
				ONLY_ACTIVE_ARCH = YES;
				SDKROOT = iphoneos;
				SWIFT_OPTIMIZATION_LEVEL = "-Onone";
			};
			name = Debug;
		};
		CE04789D1C6C10FD008E23E1 /* Release */ = {
			isa = XCBuildConfiguration;
			buildSettings = {
				ALWAYS_SEARCH_USER_PATHS = NO;
				CLANG_CXX_LANGUAGE_STANDARD = "gnu++0x";
				CLANG_CXX_LIBRARY = "libc++";
				CLANG_ENABLE_MODULES = YES;
				CLANG_ENABLE_OBJC_ARC = YES;
				CLANG_WARN_BOOL_CONVERSION = YES;
				CLANG_WARN_CONSTANT_CONVERSION = YES;
				CLANG_WARN_DIRECT_OBJC_ISA_USAGE = YES_ERROR;
				CLANG_WARN_EMPTY_BODY = YES;
				CLANG_WARN_ENUM_CONVERSION = YES;
				CLANG_WARN_INT_CONVERSION = YES;
				CLANG_WARN_OBJC_ROOT_CLASS = YES_ERROR;
				CLANG_WARN_UNREACHABLE_CODE = YES;
				CLANG_WARN__DUPLICATE_METHOD_MATCH = YES;
				"CODE_SIGN_IDENTITY[sdk=iphoneos*]" = "iPhone Developer";
				COPY_PHASE_STRIP = NO;
				DEBUG_INFORMATION_FORMAT = "dwarf-with-dsym";
				ENABLE_NS_ASSERTIONS = NO;
				ENABLE_STRICT_OBJC_MSGSEND = YES;
				GCC_C_LANGUAGE_STANDARD = gnu99;
				GCC_NO_COMMON_BLOCKS = YES;
				GCC_WARN_64_TO_32_BIT_CONVERSION = YES;
				GCC_WARN_ABOUT_RETURN_TYPE = YES_ERROR;
				GCC_WARN_UNDECLARED_SELECTOR = YES;
				GCC_WARN_UNINITIALIZED_AUTOS = YES_AGGRESSIVE;
				GCC_WARN_UNUSED_FUNCTION = YES;
				GCC_WARN_UNUSED_VARIABLE = YES;
				IPHONEOS_DEPLOYMENT_TARGET = 9.2;
				MTL_ENABLE_DEBUG_INFO = NO;
				SDKROOT = iphoneos;
				VALIDATE_PRODUCT = YES;
			};
			name = Release;
		};
		CE04789F1C6C10FD008E23E1 /* Debug */ = {
			isa = XCBuildConfiguration;
			buildSettings = {
				ASSETCATALOG_COMPILER_APPICON_NAME = AppIcon;
				INFOPLIST_FILE = "horrible house/Info.plist";
				LD_RUNPATH_SEARCH_PATHS = "$(inherited) @executable_path/Frameworks";
				PRODUCT_BUNDLE_IDENTIFIER = "com.terry-torres.horrible-house";
				PRODUCT_NAME = "$(TARGET_NAME)";
			};
			name = Debug;
		};
		CE0478A01C6C10FD008E23E1 /* Release */ = {
			isa = XCBuildConfiguration;
			buildSettings = {
				ASSETCATALOG_COMPILER_APPICON_NAME = AppIcon;
				INFOPLIST_FILE = "horrible house/Info.plist";
				LD_RUNPATH_SEARCH_PATHS = "$(inherited) @executable_path/Frameworks";
				PRODUCT_BUNDLE_IDENTIFIER = "com.terry-torres.horrible-house";
				PRODUCT_NAME = "$(TARGET_NAME)";
			};
			name = Release;
		};
		CE0478A21C6C10FD008E23E1 /* Debug */ = {
			isa = XCBuildConfiguration;
			buildSettings = {
				BUNDLE_LOADER = "$(TEST_HOST)";
				INFOPLIST_FILE = "horrible houseTests/Info.plist";
				LD_RUNPATH_SEARCH_PATHS = "$(inherited) @executable_path/Frameworks @loader_path/Frameworks";
				PRODUCT_BUNDLE_IDENTIFIER = "com.terry-torres.horrible-houseTests";
				PRODUCT_NAME = "$(TARGET_NAME)";
				TEST_HOST = "$(BUILT_PRODUCTS_DIR)/horrible house.app/horrible house";
			};
			name = Debug;
		};
		CE0478A31C6C10FD008E23E1 /* Release */ = {
			isa = XCBuildConfiguration;
			buildSettings = {
				BUNDLE_LOADER = "$(TEST_HOST)";
				INFOPLIST_FILE = "horrible houseTests/Info.plist";
				LD_RUNPATH_SEARCH_PATHS = "$(inherited) @executable_path/Frameworks @loader_path/Frameworks";
				PRODUCT_BUNDLE_IDENTIFIER = "com.terry-torres.horrible-houseTests";
				PRODUCT_NAME = "$(TARGET_NAME)";
				TEST_HOST = "$(BUILT_PRODUCTS_DIR)/horrible house.app/horrible house";
			};
			name = Release;
		};
		CE0478A51C6C10FD008E23E1 /* Debug */ = {
			isa = XCBuildConfiguration;
			buildSettings = {
				"CODE_SIGN_ENTITLEMENTS[sdk=*]" = "";
				INFOPLIST_FILE = "horrible houseUITests/Info.plist";
				LD_RUNPATH_SEARCH_PATHS = "$(inherited) @executable_path/Frameworks @loader_path/Frameworks";
				PRODUCT_BUNDLE_IDENTIFIER = "com.terry-torres.horrible-houseUITests";
				PRODUCT_NAME = "$(TARGET_NAME)";
				TEST_TARGET_NAME = "horrible house";
				USES_XCTRUNNER = YES;
			};
			name = Debug;
		};
		CE0478A61C6C10FD008E23E1 /* Release */ = {
			isa = XCBuildConfiguration;
			buildSettings = {
				"CODE_SIGN_ENTITLEMENTS[sdk=*]" = "";
				INFOPLIST_FILE = "horrible houseUITests/Info.plist";
				LD_RUNPATH_SEARCH_PATHS = "$(inherited) @executable_path/Frameworks @loader_path/Frameworks";
				PRODUCT_BUNDLE_IDENTIFIER = "com.terry-torres.horrible-houseUITests";
				PRODUCT_NAME = "$(TARGET_NAME)";
				TEST_TARGET_NAME = "horrible house";
				USES_XCTRUNNER = YES;
			};
			name = Release;
		};
/* End XCBuildConfiguration section */

/* Begin XCConfigurationList section */
		CE04786E1C6C10FC008E23E1 /* Build configuration list for PBXProject "horrible house" */ = {
			isa = XCConfigurationList;
			buildConfigurations = (
				CE04789C1C6C10FD008E23E1 /* Debug */,
				CE04789D1C6C10FD008E23E1 /* Release */,
			);
			defaultConfigurationIsVisible = 0;
			defaultConfigurationName = Release;
		};
		CE04789E1C6C10FD008E23E1 /* Build configuration list for PBXNativeTarget "horrible house" */ = {
			isa = XCConfigurationList;
			buildConfigurations = (
				CE04789F1C6C10FD008E23E1 /* Debug */,
				CE0478A01C6C10FD008E23E1 /* Release */,
			);
			defaultConfigurationIsVisible = 0;
			defaultConfigurationName = Release;
		};
		CE0478A11C6C10FD008E23E1 /* Build configuration list for PBXNativeTarget "horrible houseTests" */ = {
			isa = XCConfigurationList;
			buildConfigurations = (
				CE0478A21C6C10FD008E23E1 /* Debug */,
				CE0478A31C6C10FD008E23E1 /* Release */,
			);
			defaultConfigurationIsVisible = 0;
			defaultConfigurationName = Release;
		};
		CE0478A41C6C10FD008E23E1 /* Build configuration list for PBXNativeTarget "horrible houseUITests" */ = {
			isa = XCConfigurationList;
			buildConfigurations = (
				CE0478A51C6C10FD008E23E1 /* Debug */,
				CE0478A61C6C10FD008E23E1 /* Release */,
			);
			defaultConfigurationIsVisible = 0;
			defaultConfigurationName = Release;
		};
/* End XCConfigurationList section */

/* Begin XCVersionGroup section */
		CE04787D1C6C10FD008E23E1 /* horrible_house.xcdatamodeld */ = {
			isa = XCVersionGroup;
			children = (
				CE04787E1C6C10FD008E23E1 /* horrible_house.xcdatamodel */,
			);
			currentVersion = CE04787E1C6C10FD008E23E1 /* horrible_house.xcdatamodel */;
			path = horrible_house.xcdatamodeld;
			sourceTree = "<group>";
			versionGroupType = wrapper.xcdatamodel;
		};
/* End XCVersionGroup section */
	};
	rootObject = CE04786B1C6C10FC008E23E1 /* Project object */;
}
